PODS:
  - ActiveLabel (1.0.1)
  - Alamofire (4.8.1)
  - BetterSegmentedControl (1.0.3)
  - FSPagerView (0.8.2)
  - Kingfisher (5.2.0)
  - NVActivityIndicatorView (4.6.1):
    - NVActivityIndicatorView/Presenter (= 4.6.1)
  - NVActivityIndicatorView/Presenter (4.6.1)
  - PhoneNumberKit (2.6.0):
    - PhoneNumberKit/PhoneNumberKitCore (= 2.6.0)
    - PhoneNumberKit/UIKit (= 2.6.0)
  - PhoneNumberKit/PhoneNumberKitCore (2.6.0)
  - PhoneNumberKit/UIKit (2.6.0):
    - PhoneNumberKit/PhoneNumberKitCore
  - SnapKit (4.2.0)
  - SVPinView (1.0.6)

DEPENDENCIES:
  - ActiveLabel
  - Alamofire
  - BetterSegmentedControl
  - FSPagerView
  - Kingfisher
  - NVActivityIndicatorView
  - PhoneNumberKit
  - SnapKit
  - SVPinView

SPEC REPOS:
  https://github.com/cocoapods/specs.git:
    - ActiveLabel
    - Alamofire
    - BetterSegmentedControl
    - FSPagerView
    - Kingfisher
    - NVActivityIndicatorView
    - PhoneNumberKit
    - SnapKit
    - SVPinView

SPEC CHECKSUMS:
  ActiveLabel: b8b2396fe25308d563601437d6605bf691c3b5db
  Alamofire: 16ce2c353fb72865124ddae8a57c5942388f4f11
  BetterSegmentedControl: 4e3bd0bd517b0f6077c9e17f5663a01cff48e2c5
  FSPagerView: 816a18842306973cc7cc6df8a5332272f7815c30
  Kingfisher: 07067cfacf371117330dceb4b4b8f5c4b691ab42
  NVActivityIndicatorView: 4ca19fccc84595a78957336a086d00a49be6ce61
  PhoneNumberKit: 167ee1f0bbb6efce7c62559e620eae745595532f
  SnapKit: fe8a619752f3f27075cc9a90244d75c6c3f27e2a
  SVPinView: 3dda372c7a1c051b41788f07bf7a8339aa19083e

PODFILE CHECKSUM: 74a0ec2f5ec656cb837dfca3aeb8a49cc113499a

COCOAPODS: 1.6.1
